# THIS IS AN AUTOGENERATED FILE. DO NOT EDIT THIS FILE DIRECTLY.
# yarn lockfile v1


angular-route@^1.6.6:
  version "1.6.6"
  resolved "https://registry.yarnpkg.com/angular-route/-/angular-route-1.6.6.tgz#8c11748aa195c717b1b615a7e746442bfc7c61f4"

angular@^1.6.6:
  version "1.6.6"
  resolved "https://registry.yarnpkg.com/angular/-/angular-1.6.6.tgz#fd5a3cfb437ce382d854ee01120797978527cb64"

font-awesome@^4.7.0:
  version "4.7.0"
  resolved "https://registry.yarnpkg.com/font-awesome/-/font-awesome-4.7.0.tgz#8fa8cf0411a1a31afd07b06d2902bb9fc815a133"

jquery@^3.2.1:
  version "3.2.1"
  resolved "https://registry.yarnpkg.com/jquery/-/jquery-3.2.1.tgz#5c4d9de652af6cd0a770154a631bba12b015c787"

ngstorage@^0.3.11:
  version "0.3.11"
  resolved "https://registry.yarnpkg.com/ngstorage/-/ngstorage-0.3.11.tgz#1637c45b872d909d9cc7e18b374898d50b2e844f"

sweetalert2@^6.11.5:
  version "6.11.5"
  resolved "https://registry.yarnpkg.com/sweetalert2/-/sweetalert2-6.11.5.tgz#a1ede34089225eb864898f4b613db4fec5dbe334"
